
Microsoft Visual Studio Solution File, Format Version 12.00
# Visual Studio Version 16
VisualStudioVersion = 16.0.31019.35
MinimumVisualStudioVersion = 10.0.40219.1
Project("{FAE04EC0-301F-11D3-BF4B-00C04F79EFBC}") = "LampPlugingGUI", "LampPlugingGUI\LampPlugingGUI.csproj", "{4F658D8C-1565-4920-B203-A65BE06F8482}"
EndProject
Project("{FAE04EC0-301F-11D3-BF4B-00C04F79EFBC}") = "LampParameters", "LampParameters\LampParameters.csproj", "{518770BA-B8E4-4C6F-A442-7B2F25883E09}"
EndProject
Project("{FAE04EC0-301F-11D3-BF4B-00C04F79EFBC}") = "LampBuilder", "LampBuilder\LampBuilder.csproj", "{65C489B5-3056-4F06-841F-982813B5FC1E}"
EndProject
Project("{FAE04EC0-301F-11D3-BF4B-00C04F79EFBC}") = "Kompas3DConnector", "Kompas3DConnector\Kompas3DConnector.csproj", "{E07F809A-9795-4C9B-8EEA-38DACA30BF45}"
EndProject
Global
	GlobalSection(SolutionConfigurationPlatforms) = preSolution
		Debug|Any CPU = Debug|Any CPU
		Release|Any CPU = Release|Any CPU
	EndGlobalSection
	GlobalSection(ProjectConfigurationPlatforms) = postSolution
		{4F658D8C-1565-4920-B203-A65BE06F8482}.Debug|Any CPU.ActiveCfg = Debug|Any CPU
		{4F658D8C-1565-4920-B203-A65BE06F8482}.Debug|Any CPU.Build.0 = Debug|Any CPU
		{4F658D8C-1565-4920-B203-A65BE06F8482}.Release|Any CPU.ActiveCfg = Release|Any CPU
		{4F658D8C-1565-4920-B203-A65BE06F8482}.Release|Any CPU.Build.0 = Release|Any CPU
		{518770BA-B8E4-4C6F-A442-7B2F25883E09}.Debug|Any CPU.ActiveCfg = Debug|Any CPU
		{518770BA-B8E4-4C6F-A442-7B2F25883E09}.Debug|Any CPU.Build.0 = Debug|Any CPU
		{518770BA-B8E4-4C6F-A442-7B2F25883E09}.Release|Any CPU.ActiveCfg = Release|Any CPU
		{518770BA-B8E4-4C6F-A442-7B2F25883E09}.Release|Any CPU.Build.0 = Release|Any CPU
		{65C489B5-3056-4F06-841F-982813B5FC1E}.Debug|Any CPU.ActiveCfg = Debug|Any CPU
		{65C489B5-3056-4F06-841F-982813B5FC1E}.Debug|Any CPU.Build.0 = Debug|Any CPU
		{65C489B5-3056-4F06-841F-982813B5FC1E}.Release|Any CPU.ActiveCfg = Release|Any CPU
		{65C489B5-3056-4F06-841F-982813B5FC1E}.Release|Any CPU.Build.0 = Release|Any CPU
		{E07F809A-9795-4C9B-8EEA-38DACA30BF45}.Debug|Any CPU.ActiveCfg = Debug|Any CPU
		{E07F809A-9795-4C9B-8EEA-38DACA30BF45}.Debug|Any CPU.Build.0 = Debug|Any CPU
		{E07F809A-9795-4C9B-8EEA-38DACA30BF45}.Release|Any CPU.ActiveCfg = Release|Any CPU
		{E07F809A-9795-4C9B-8EEA-38DACA30BF45}.Release|Any CPU.Build.0 = Release|Any CPU
	EndGlobalSection
	GlobalSection(SolutionProperties) = preSolution
		HideSolutionNode = FALSE
	EndGlobalSection
	GlobalSection(ExtensibilityGlobals) = postSolution
		SolutionGuid = {C58C9D45-A3AA-421C-8DCB-E118C22912D2}
	EndGlobalSection
EndGlobal
